
Microsoft Visual Studio Solution File, Format Version 12.00
# Visual Studio 15
VisualStudioVersion = 15.0.28307.960
MinimumVisualStudioVersion = 10.0.40219.1
Project("{FAE04EC0-301F-11D3-BF4B-00C04F79EFBC}") = "GVision_Ocr", "GVision_Ocr\GVision_Ocr.csproj", "{9B9F6C75-0C45-4E90-8EE9-CBC684A2B049}"
EndProject
Global
	GlobalSection(SolutionConfigurationPlatforms) = preSolution
		Debug|Any CPU = Debug|Any CPU
		Release|Any CPU = Release|Any CPU
	EndGlobalSection
	GlobalSection(ProjectConfigurationPlatforms) = postSolution
		{9B9F6C75-0C45-4E90-8EE9-CBC684A2B049}.Debug|Any CPU.ActiveCfg = Debug|Any CPU
		{9B9F6C75-0C45-4E90-8EE9-CBC684A2B049}.Debug|Any CPU.Build.0 = Debug|Any CPU
		{9B9F6C75-0C45-4E90-8EE9-CBC684A2B049}.Release|Any CPU.ActiveCfg = Release|Any CPU
		{9B9F6C75-0C45-4E90-8EE9-CBC684A2B049}.Release|Any CPU.Build.0 = Release|Any CPU
	EndGlobalSection
	GlobalSection(SolutionProperties) = preSolution
		HideSolutionNode = FALSE
	EndGlobalSection
	GlobalSection(ExtensibilityGlobals) = postSolution
		SolutionGuid = {B2EBAF9D-93B1-4A6B-A942-182416081132}
	EndGlobalSection
EndGlobal
